{
  "meteor": {},
  "dependencies": {
    "basePackages": {
      "mizzao:sharejs": {
        "path": "../sharejs-base"
      },
      "mizzao:sharejs-ace": {
        "path": "../sharejs-ace"
      },
      "mizzao:sharejs-cm": {
        "path": "../sharejs-cm"
      }
    },
    "packages": {
      "mizzao:sharejs": {
        "path": "../sharejs-base"
      },
      "mizzao:sharejs-ace": {
        "path": "../sharejs-ace"
      },
      "mizzao:sharejs-cm": {
        "path": "../sharejs-cm"
      }
    }
  }
}
